
Microsoft Visual Studio Solution File, Format Version 12.00
# Visual Studio Version 16
VisualStudioVersion = 16.0.30517.126
MinimumVisualStudioVersion = 10.0.40219.1
Project("{9A19103F-16F7-4668-BE54-9A1E7A4F7556}") = "DefaultHttpClientFactory", "DefaultHttpClientFactory\DefaultHttpClientFactory.csproj", "{A626C617-26BD-488E-A107-E6F8B95B1D9D}"
EndProject
Project("{FAE04EC0-301F-11D3-BF4B-00C04F79EFBC}") = "Goodness HttpClient", "sample\Goodness HttpClient\Goodness HttpClient\Goodness HttpClient.csproj", "{6BFC48A7-66D2-416C-A3BA-FFC9C950DA4E}"
EndProject
Project("{FAE04EC0-301F-11D3-BF4B-00C04F79EFBC}") = "Goodness HttpClient.Android", "sample\Goodness HttpClient\Goodness HttpClient.Android\Goodness HttpClient.Android.csproj", "{9721AECD-F990-40A2-9A45-8029A117DF33}"
EndProject
Project("{FAE04EC0-301F-11D3-BF4B-00C04F79EFBC}") = "Goodness HttpClient.iOS", "sample\Goodness HttpClient\Goodness HttpClient.iOS\Goodness HttpClient.iOS.csproj", "{9302E53E-E560-43C6-ABC3-E857B0269074}"
EndProject
Project("{2150E333-8FDC-42A3-9474-1A3956D46DE8}") = "sample", "sample", "{9E1852FE-67C7-4576-AC8A-AC3B575B0084}"
EndProject
Project("{FAE04EC0-301F-11D3-BF4B-00C04F79EFBC}") = "UnitTests", "tests\UnitTests\UnitTests.csproj", "{8185E05F-2F04-4BA2-87C3-4265D6EC4ABF}"
EndProject
Project("{2150E333-8FDC-42A3-9474-1A3956D46DE8}") = "tests", "tests", "{156D544A-55A9-48B6-ABAF-BC146E4D813C}"
EndProject
Global
	GlobalSection(SolutionConfigurationPlatforms) = preSolution
		Ad-Hoc|Any CPU = Ad-Hoc|Any CPU
		Ad-Hoc|iPhone = Ad-Hoc|iPhone
		Ad-Hoc|iPhoneSimulator = Ad-Hoc|iPhoneSimulator
		AppStore|Any CPU = AppStore|Any CPU
		AppStore|iPhone = AppStore|iPhone
		AppStore|iPhoneSimulator = AppStore|iPhoneSimulator
		Debug|Any CPU = Debug|Any CPU
		Debug|iPhone = Debug|iPhone
		Debug|iPhoneSimulator = Debug|iPhoneSimulator
		Release|Any CPU = Release|Any CPU
		Release|iPhone = Release|iPhone
		Release|iPhoneSimulator = Release|iPhoneSimulator
	EndGlobalSection
	GlobalSection(ProjectConfigurationPlatforms) = postSolution
		{A626C617-26BD-488E-A107-E6F8B95B1D9D}.Ad-Hoc|Any CPU.ActiveCfg = Release|Any CPU
		{A626C617-26BD-488E-A107-E6F8B95B1D9D}.Ad-Hoc|Any CPU.Build.0 = Release|Any CPU
		{A626C617-26BD-488E-A107-E6F8B95B1D9D}.Ad-Hoc|iPhone.ActiveCfg = Release|Any CPU
		{A626C617-26BD-488E-A107-E6F8B95B1D9D}.Ad-Hoc|iPhone.Build.0 = Release|Any CPU
		{A626C617-26BD-488E-A107-E6F8B95B1D9D}.Ad-Hoc|iPhoneSimulator.ActiveCfg = Release|Any CPU
		{A626C617-26BD-488E-A107-E6F8B95B1D9D}.Ad-Hoc|iPhoneSimulator.Build.0 = Release|Any CPU
		{A626C617-26BD-488E-A107-E6F8B95B1D9D}.AppStore|Any CPU.ActiveCfg = Release|Any CPU
		{A626C617-26BD-488E-A107-E6F8B95B1D9D}.AppStore|Any CPU.Build.0 = Release|Any CPU
		{A626C617-26BD-488E-A107-E6F8B95B1D9D}.AppStore|iPhone.ActiveCfg = Release|Any CPU
		{A626C617-26BD-488E-A107-E6F8B95B1D9D}.AppStore|iPhone.Build.0 = Release|Any CPU
		{A626C617-26BD-488E-A107-E6F8B95B1D9D}.AppStore|iPhoneSimulator.ActiveCfg = Release|Any CPU
		{A626C617-26BD-488E-A107-E6F8B95B1D9D}.AppStore|iPhoneSimulator.Build.0 = Release|Any CPU
		{A626C617-26BD-488E-A107-E6F8B95B1D9D}.Debug|Any CPU.ActiveCfg = Debug|Any CPU
		{A626C617-26BD-488E-A107-E6F8B95B1D9D}.Debug|Any CPU.Build.0 = Debug|Any CPU
		{A626C617-26BD-488E-A107-E6F8B95B1D9D}.Debug|iPhone.ActiveCfg = Debug|Any CPU
		{A626C617-26BD-488E-A107-E6F8B95B1D9D}.Debug|iPhone.Build.0 = Debug|Any CPU
		{A626C617-26BD-488E-A107-E6F8B95B1D9D}.Debug|iPhoneSimulator.ActiveCfg = Debug|Any CPU
		{A626C617-26BD-488E-A107-E6F8B95B1D9D}.Debug|iPhoneSimulator.Build.0 = Debug|Any CPU
		{A626C617-26BD-488E-A107-E6F8B95B1D9D}.Release|Any CPU.ActiveCfg = Release|Any CPU
		{A626C617-26BD-488E-A107-E6F8B95B1D9D}.Release|Any CPU.Build.0 = Release|Any CPU
		{A626C617-26BD-488E-A107-E6F8B95B1D9D}.Release|iPhone.ActiveCfg = Release|Any CPU
		{A626C617-26BD-488E-A107-E6F8B95B1D9D}.Release|iPhone.Build.0 = Release|Any CPU
		{A626C617-26BD-488E-A107-E6F8B95B1D9D}.Release|iPhoneSimulator.ActiveCfg = Release|Any CPU
		{A626C617-26BD-488E-A107-E6F8B95B1D9D}.Release|iPhoneSimulator.Build.0 = Release|Any CPU
		{6BFC48A7-66D2-416C-A3BA-FFC9C950DA4E}.Ad-Hoc|Any CPU.ActiveCfg = Release|Any CPU
		{6BFC48A7-66D2-416C-A3BA-FFC9C950DA4E}.Ad-Hoc|Any CPU.Build.0 = Release|Any CPU
		{6BFC48A7-66D2-416C-A3BA-FFC9C950DA4E}.Ad-Hoc|iPhone.ActiveCfg = Release|Any CPU
		{6BFC48A7-66D2-416C-A3BA-FFC9C950DA4E}.Ad-Hoc|iPhone.Build.0 = Release|Any CPU
		{6BFC48A7-66D2-416C-A3BA-FFC9C950DA4E}.Ad-Hoc|iPhoneSimulator.ActiveCfg = Release|Any CPU
		{6BFC48A7-66D2-416C-A3BA-FFC9C950DA4E}.Ad-Hoc|iPhoneSimulator.Build.0 = Release|Any CPU
		{6BFC48A7-66D2-416C-A3BA-FFC9C950DA4E}.AppStore|Any CPU.ActiveCfg = Release|Any CPU
		{6BFC48A7-66D2-416C-A3BA-FFC9C950DA4E}.AppStore|Any CPU.Build.0 = Release|Any CPU
		{6BFC48A7-66D2-416C-A3BA-FFC9C950DA4E}.AppStore|iPhone.ActiveCfg = Release|Any CPU
		{6BFC48A7-66D2-416C-A3BA-FFC9C950DA4E}.AppStore|iPhone.Build.0 = Release|Any CPU
		{6BFC48A7-66D2-416C-A3BA-FFC9C950DA4E}.AppStore|iPhoneSimulator.ActiveCfg = Release|Any CPU
		{6BFC48A7-66D2-416C-A3BA-FFC9C950DA4E}.AppStore|iPhoneSimulator.Build.0 = Release|Any CPU
		{6BFC48A7-66D2-416C-A3BA-FFC9C950DA4E}.Debug|Any CPU.ActiveCfg = Debug|Any CPU
		{6BFC48A7-66D2-416C-A3BA-FFC9C950DA4E}.Debug|Any CPU.Build.0 = Debug|Any CPU
		{6BFC48A7-66D2-416C-A3BA-FFC9C950DA4E}.Debug|iPhone.ActiveCfg = Debug|Any CPU
		{6BFC48A7-66D2-416C-A3BA-FFC9C950DA4E}.Debug|iPhone.Build.0 = Debug|Any CPU
		{6BFC48A7-66D2-416C-A3BA-FFC9C950DA4E}.Debug|iPhoneSimulator.ActiveCfg = Debug|Any CPU
		{6BFC48A7-66D2-416C-A3BA-FFC9C950DA4E}.Debug|iPhoneSimulator.Build.0 = Debug|Any CPU
		{6BFC48A7-66D2-416C-A3BA-FFC9C950DA4E}.Release|Any CPU.ActiveCfg = Release|Any CPU
		{6BFC48A7-66D2-416C-A3BA-FFC9C950DA4E}.Release|Any CPU.Build.0 = Release|Any CPU
		{6BFC48A7-66D2-416C-A3BA-FFC9C950DA4E}.Release|iPhone.ActiveCfg = Release|Any CPU
		{6BFC48A7-66D2-416C-A3BA-FFC9C950DA4E}.Release|iPhone.Build.0 = Release|Any CPU
		{6BFC48A7-66D2-416C-A3BA-FFC9C950DA4E}.Release|iPhoneSimulator.ActiveCfg = Release|Any CPU
		{6BFC48A7-66D2-416C-A3BA-FFC9C950DA4E}.Release|iPhoneSimulator.Build.0 = Release|Any CPU
		{9721AECD-F990-40A2-9A45-8029A117DF33}.Ad-Hoc|Any CPU.ActiveCfg = Debug|Any CPU
		{9721AECD-F990-40A2-9A45-8029A117DF33}.Ad-Hoc|Any CPU.Build.0 = Debug|Any CPU
		{9721AECD-F990-40A2-9A45-8029A117DF33}.Ad-Hoc|Any CPU.Deploy.0 = Debug|Any CPU
		{9721AECD-F990-40A2-9A45-8029A117DF33}.Ad-Hoc|iPhone.ActiveCfg = Debug|Any CPU
		{9721AECD-F990-40A2-9A45-8029A117DF33}.Ad-Hoc|iPhone.Build.0 = Debug|Any CPU
		{9721AECD-F990-40A2-9A45-8029A117DF33}.Ad-Hoc|iPhone.Deploy.0 = Debug|Any CPU
		{9721AECD-F990-40A2-9A45-8029A117DF33}.Ad-Hoc|iPhoneSimulator.ActiveCfg = Debug|Any CPU
		{9721AECD-F990-40A2-9A45-8029A117DF33}.Ad-Hoc|iPhoneSimulator.Build.0 = Debug|Any CPU
		{9721AECD-F990-40A2-9A45-8029A117DF33}.Ad-Hoc|iPhoneSimulator.Deploy.0 = Debug|Any CPU
		{9721AECD-F990-40A2-9A45-8029A117DF33}.AppStore|Any CPU.ActiveCfg = Debug|Any CPU
		{9721AECD-F990-40A2-9A45-8029A117DF33}.AppStore|Any CPU.Build.0 = Debug|Any CPU
		{9721AECD-F990-40A2-9A45-8029A117DF33}.AppStore|Any CPU.Deploy.0 = Debug|Any CPU
		{9721AECD-F990-40A2-9A45-8029A117DF33}.AppStore|iPhone.ActiveCfg = Debug|Any CPU
		{9721AECD-F990-40A2-9A45-8029A117DF33}.AppStore|iPhone.Build.0 = Debug|Any CPU
		{9721AECD-F990-40A2-9A45-8029A117DF33}.AppStore|iPhone.Deploy.0 = Debug|Any CPU
		{9721AECD-F990-40A2-9A45-8029A117DF33}.AppStore|iPhoneSimulator.ActiveCfg = Debug|Any CPU
		{9721AECD-F990-40A2-9A45-8029A117DF33}.AppStore|iPhoneSimulator.Build.0 = Debug|Any CPU
		{9721AECD-F990-40A2-9A45-8029A117DF33}.AppStore|iPhoneSimulator.Deploy.0 = Debug|Any CPU
		{9721AECD-F990-40A2-9A45-8029A117DF33}.Debug|Any CPU.ActiveCfg = Debug|Any CPU
		{9721AECD-F990-40A2-9A45-8029A117DF33}.Debug|Any CPU.Build.0 = Debug|Any CPU
		{9721AECD-F990-40A2-9A45-8029A117DF33}.Debug|Any CPU.Deploy.0 = Debug|Any CPU
		{9721AECD-F990-40A2-9A45-8029A117DF33}.Debug|iPhone.ActiveCfg = Debug|Any CPU
		{9721AECD-F990-40A2-9A45-8029A117DF33}.Debug|iPhone.Build.0 = Debug|Any CPU
		{9721AECD-F990-40A2-9A45-8029A117DF33}.Debug|iPhone.Deploy.0 = Debug|Any CPU
		{9721AECD-F990-40A2-9A45-8029A117DF33}.Debug|iPhoneSimulator.ActiveCfg = Debug|Any CPU
		{9721AECD-F990-40A2-9A45-8029A117DF33}.Debug|iPhoneSimulator.Build.0 = Debug|Any CPU
		{9721AECD-F990-40A2-9A45-8029A117DF33}.Debug|iPhoneSimulator.Deploy.0 = Debug|Any CPU
		{9721AECD-F990-40A2-9A45-8029A117DF33}.Release|Any CPU.ActiveCfg = Release|Any CPU
		{9721AECD-F990-40A2-9A45-8029A117DF33}.Release|Any CPU.Build.0 = Release|Any CPU
		{9721AECD-F990-40A2-9A45-8029A117DF33}.Release|Any CPU.Deploy.0 = Release|Any CPU
		{9721AECD-F990-40A2-9A45-8029A117DF33}.Release|iPhone.ActiveCfg = Release|Any CPU
		{9721AECD-F990-40A2-9A45-8029A117DF33}.Release|iPhone.Build.0 = Release|Any CPU
		{9721AECD-F990-40A2-9A45-8029A117DF33}.Release|iPhone.Deploy.0 = Release|Any CPU
		{9721AECD-F990-40A2-9A45-8029A117DF33}.Release|iPhoneSimulator.ActiveCfg = Release|Any CPU
		{9721AECD-F990-40A2-9A45-8029A117DF33}.Release|iPhoneSimulator.Build.0 = Release|Any CPU
		{9721AECD-F990-40A2-9A45-8029A117DF33}.Release|iPhoneSimulator.Deploy.0 = Release|Any CPU
		{9302E53E-E560-43C6-ABC3-E857B0269074}.Ad-Hoc|Any CPU.ActiveCfg = Ad-Hoc|iPhoneSimulator
		{9302E53E-E560-43C6-ABC3-E857B0269074}.Ad-Hoc|iPhone.ActiveCfg = Ad-Hoc|iPhone
		{9302E53E-E560-43C6-ABC3-E857B0269074}.Ad-Hoc|iPhone.Build.0 = Ad-Hoc|iPhone
		{9302E53E-E560-43C6-ABC3-E857B0269074}.Ad-Hoc|iPhoneSimulator.ActiveCfg = Ad-Hoc|iPhoneSimulator
		{9302E53E-E560-43C6-ABC3-E857B0269074}.Ad-Hoc|iPhoneSimulator.Build.0 = Ad-Hoc|iPhoneSimulator
		{9302E53E-E560-43C6-ABC3-E857B0269074}.AppStore|Any CPU.ActiveCfg = AppStore|iPhoneSimulator
		{9302E53E-E560-43C6-ABC3-E857B0269074}.AppStore|iPhone.ActiveCfg = AppStore|iPhone
		{9302E53E-E560-43C6-ABC3-E857B0269074}.AppStore|iPhone.Build.0 = AppStore|iPhone
		{9302E53E-E560-43C6-ABC3-E857B0269074}.AppStore|iPhoneSimulator.ActiveCfg = AppStore|iPhoneSimulator
		{9302E53E-E560-43C6-ABC3-E857B0269074}.AppStore|iPhoneSimulator.Build.0 = AppStore|iPhoneSimulator
		{9302E53E-E560-43C6-ABC3-E857B0269074}.Debug|Any CPU.ActiveCfg = Debug|iPhoneSimulator
		{9302E53E-E560-43C6-ABC3-E857B0269074}.Debug|iPhone.ActiveCfg = Debug|iPhone
		{9302E53E-E560-43C6-ABC3-E857B0269074}.Debug|iPhone.Build.0 = Debug|iPhone
		{9302E53E-E560-43C6-ABC3-E857B0269074}.Debug|iPhoneSimulator.ActiveCfg = Debug|iPhoneSimulator
		{9302E53E-E560-43C6-ABC3-E857B0269074}.Debug|iPhoneSimulator.Build.0 = Debug|iPhoneSimulator
		{9302E53E-E560-43C6-ABC3-E857B0269074}.Release|Any CPU.ActiveCfg = Release|iPhoneSimulator
		{9302E53E-E560-43C6-ABC3-E857B0269074}.Release|iPhone.ActiveCfg = Release|iPhone
		{9302E53E-E560-43C6-ABC3-E857B0269074}.Release|iPhone.Build.0 = Release|iPhone
		{9302E53E-E560-43C6-ABC3-E857B0269074}.Release|iPhoneSimulator.ActiveCfg = Release|iPhoneSimulator
		{9302E53E-E560-43C6-ABC3-E857B0269074}.Release|iPhoneSimulator.Build.0 = Release|iPhoneSimulator
		{8185E05F-2F04-4BA2-87C3-4265D6EC4ABF}.Ad-Hoc|Any CPU.ActiveCfg = Release|Any CPU
		{8185E05F-2F04-4BA2-87C3-4265D6EC4ABF}.Ad-Hoc|Any CPU.Build.0 = Release|Any CPU
		{8185E05F-2F04-4BA2-87C3-4265D6EC4ABF}.Ad-Hoc|iPhone.ActiveCfg = Release|Any CPU
		{8185E05F-2F04-4BA2-87C3-4265D6EC4ABF}.Ad-Hoc|iPhone.Build.0 = Release|Any CPU
		{8185E05F-2F04-4BA2-87C3-4265D6EC4ABF}.Ad-Hoc|iPhoneSimulator.ActiveCfg = Release|Any CPU
		{8185E05F-2F04-4BA2-87C3-4265D6EC4ABF}.Ad-Hoc|iPhoneSimulator.Build.0 = Release|Any CPU
		{8185E05F-2F04-4BA2-87C3-4265D6EC4ABF}.AppStore|Any CPU.ActiveCfg = Release|Any CPU
		{8185E05F-2F04-4BA2-87C3-4265D6EC4ABF}.AppStore|Any CPU.Build.0 = Release|Any CPU
		{8185E05F-2F04-4BA2-87C3-4265D6EC4ABF}.AppStore|iPhone.ActiveCfg = Release|Any CPU
		{8185E05F-2F04-4BA2-87C3-4265D6EC4ABF}.AppStore|iPhone.Build.0 = Release|Any CPU
		{8185E05F-2F04-4BA2-87C3-4265D6EC4ABF}.AppStore|iPhoneSimulator.ActiveCfg = Release|Any CPU
		{8185E05F-2F04-4BA2-87C3-4265D6EC4ABF}.AppStore|iPhoneSimulator.Build.0 = Release|Any CPU
		{8185E05F-2F04-4BA2-87C3-4265D6EC4ABF}.Debug|Any CPU.ActiveCfg = Debug|Any CPU
		{8185E05F-2F04-4BA2-87C3-4265D6EC4ABF}.Debug|Any CPU.Build.0 = Debug|Any CPU
		{8185E05F-2F04-4BA2-87C3-4265D6EC4ABF}.Debug|iPhone.ActiveCfg = Debug|Any CPU
		{8185E05F-2F04-4BA2-87C3-4265D6EC4ABF}.Debug|iPhone.Build.0 = Debug|Any CPU
		{8185E05F-2F04-4BA2-87C3-4265D6EC4ABF}.Debug|iPhoneSimulator.ActiveCfg = Debug|Any CPU
		{8185E05F-2F04-4BA2-87C3-4265D6EC4ABF}.Debug|iPhoneSimulator.Build.0 = Debug|Any CPU
		{8185E05F-2F04-4BA2-87C3-4265D6EC4ABF}.Release|Any CPU.ActiveCfg = Release|Any CPU
		{8185E05F-2F04-4BA2-87C3-4265D6EC4ABF}.Release|Any CPU.Build.0 = Release|Any CPU
		{8185E05F-2F04-4BA2-87C3-4265D6EC4ABF}.Release|iPhone.ActiveCfg = Release|Any CPU
		{8185E05F-2F04-4BA2-87C3-4265D6EC4ABF}.Release|iPhone.Build.0 = Release|Any CPU
		{8185E05F-2F04-4BA2-87C3-4265D6EC4ABF}.Release|iPhoneSimulator.ActiveCfg = Release|Any CPU
		{8185E05F-2F04-4BA2-87C3-4265D6EC4ABF}.Release|iPhoneSimulator.Build.0 = Release|Any CPU
	EndGlobalSection
	GlobalSection(SolutionProperties) = preSolution
		HideSolutionNode = FALSE
	EndGlobalSection
	GlobalSection(NestedProjects) = preSolution
		{6BFC48A7-66D2-416C-A3BA-FFC9C950DA4E} = {9E1852FE-67C7-4576-AC8A-AC3B575B0084}
		{9721AECD-F990-40A2-9A45-8029A117DF33} = {9E1852FE-67C7-4576-AC8A-AC3B575B0084}
		{9302E53E-E560-43C6-ABC3-E857B0269074} = {9E1852FE-67C7-4576-AC8A-AC3B575B0084}
		{8185E05F-2F04-4BA2-87C3-4265D6EC4ABF} = {156D544A-55A9-48B6-ABAF-BC146E4D813C}
	EndGlobalSection
	GlobalSection(ExtensibilityGlobals) = postSolution
		SolutionGuid = {93323664-9C22-4EA1-9C96-02CD523252BE}
	EndGlobalSection
EndGlobal
